
Microsoft Visual Studio Solution File, Format Version 12.00
# Visual Studio Version 17
VisualStudioVersion = 17.2.32526.322
MinimumVisualStudioVersion = 10.0.40219.1
Project("{FAE04EC0-301F-11D3-BF4B-00C04F79EFBC}") = "DiscordNitroUtils", "DiscordNitroUtils\DiscordNitroUtils.csproj", "{8E5B9B84-C711-419C-BE63-21227E511952}"
EndProject
Global
	GlobalSection(SolutionConfigurationPlatforms) = preSolution
		Debug|Any CPU = Debug|Any CPU
		Release|Any CPU = Release|Any CPU
	EndGlobalSection
	GlobalSection(ProjectConfigurationPlatforms) = postSolution
		{8E5B9B84-C711-419C-BE63-21227E511952}.Debug|Any CPU.ActiveCfg = Debug|Any CPU
		{8E5B9B84-C711-419C-BE63-21227E511952}.Debug|Any CPU.Build.0 = Debug|Any CPU
		{8E5B9B84-C711-419C-BE63-21227E511952}.Release|Any CPU.ActiveCfg = Release|Any CPU
		{8E5B9B84-C711-419C-BE63-21227E511952}.Release|Any CPU.Build.0 = Release|Any CPU
	EndGlobalSection
	GlobalSection(SolutionProperties) = preSolution
		HideSolutionNode = FALSE
	EndGlobalSection
	GlobalSection(ExtensibilityGlobals) = postSolution
		SolutionGuid = {C8C3E8EB-A603-4130-8521-75B4675B4A73}
	EndGlobalSection
EndGlobal
